
Microsoft Visual Studio Solution File, Format Version 12.00
# Visual Studio Version 16
VisualStudioVersion = 16.0.29728.190
MinimumVisualStudioVersion = 10.0.40219.1
Project("{FAE04EC0-301F-11D3-BF4B-00C04F79EFBC}") = "ChocolateShop", "ChocolateShop\ChocolateShop.csproj", "{A7DC8728-D99A-4740-8F10-2B9358086E02}"
EndProject
Project("{FAE04EC0-301F-11D3-BF4B-00C04F79EFBC}") = "ChocolateShop.entity", "ChocolateShop.entity\ChocolateShop.entity.csproj", "{BCF3351C-9EE9-4628-9D20-A8F3A318FC2B}"
EndProject
Project("{FAE04EC0-301F-11D3-BF4B-00C04F79EFBC}") = "ChocolateShop.repository", "ChocolateShop.repository\ChocolateShop.repository.csproj", "{CF420DB2-8015-412D-91CA-5ED38F7A128A}"
EndProject
Global
	GlobalSection(SolutionConfigurationPlatforms) = preSolution
		Debug|Any CPU = Debug|Any CPU
		Release|Any CPU = Release|Any CPU
	EndGlobalSection
	GlobalSection(ProjectConfigurationPlatforms) = postSolution
		{A7DC8728-D99A-4740-8F10-2B9358086E02}.Debug|Any CPU.ActiveCfg = Debug|Any CPU
		{A7DC8728-D99A-4740-8F10-2B9358086E02}.Debug|Any CPU.Build.0 = Debug|Any CPU
		{A7DC8728-D99A-4740-8F10-2B9358086E02}.Release|Any CPU.ActiveCfg = Release|Any CPU
		{A7DC8728-D99A-4740-8F10-2B9358086E02}.Release|Any CPU.Build.0 = Release|Any CPU
		{BCF3351C-9EE9-4628-9D20-A8F3A318FC2B}.Debug|Any CPU.ActiveCfg = Debug|Any CPU
		{BCF3351C-9EE9-4628-9D20-A8F3A318FC2B}.Debug|Any CPU.Build.0 = Debug|Any CPU
		{BCF3351C-9EE9-4628-9D20-A8F3A318FC2B}.Release|Any CPU.ActiveCfg = Release|Any CPU
		{BCF3351C-9EE9-4628-9D20-A8F3A318FC2B}.Release|Any CPU.Build.0 = Release|Any CPU
		{CF420DB2-8015-412D-91CA-5ED38F7A128A}.Debug|Any CPU.ActiveCfg = Debug|Any CPU
		{CF420DB2-8015-412D-91CA-5ED38F7A128A}.Debug|Any CPU.Build.0 = Debug|Any CPU
		{CF420DB2-8015-412D-91CA-5ED38F7A128A}.Release|Any CPU.ActiveCfg = Release|Any CPU
		{CF420DB2-8015-412D-91CA-5ED38F7A128A}.Release|Any CPU.Build.0 = Release|Any CPU
	EndGlobalSection
	GlobalSection(SolutionProperties) = preSolution
		HideSolutionNode = FALSE
	EndGlobalSection
	GlobalSection(ExtensibilityGlobals) = postSolution
		SolutionGuid = {BDD8B749-E109-4A20-A74A-48CA65162ED8}
	EndGlobalSection
EndGlobal
